{
  "nodes": {
    "fenix": {
      "inputs": {
        "nixpkgs": [
          "nixpkgs"
        ],
        "rust-analyzer-src": "rust-analyzer-src"
      },
      "locked": {
        "lastModified": 1709792596,
        "narHash": "sha256-DQL1KJ9AaoQjwMkZkSBrW9/az2dwbbBnhNIbIzgeDIE=",
        "owner": "nix-community",
        "repo": "fenix",
        "rev": "221fedb628b1e86e88d8fbfbd20b699448e58fa9",
        "type": "github"
      },
      "original": {
        "owner": "nix-community",
        "repo": "fenix",
        "type": "github"
      }
    },
    "nixpkgs": {
      "locked": {
        "lastModified": 1709780214,
        "narHash": "sha256-p4iDKdveHMhfGAlpxmkCtfQO3WRzmlD11aIcThwPqhk=",
        "owner": "NixOS",
        "repo": "nixpkgs",
        "rev": "f945939fd679284d736112d3d5410eb867f3b31c",
        "type": "github"
      },
      "original": {
        "id": "nixpkgs",
        "type": "indirect"
      }
    },
    "root": {
      "inputs": {
        "fenix": "fenix",
        "nixpkgs": "nixpkgs",
        "utils": "utils"
      }
    },
    "rust-analyzer-src": {
      "flake": false,
      "locked": {
        "lastModified": 1709749600,
        "narHash": "sha256-jLGAyPPi4PVo/9y6ayWgdAtzPotFWvNTCxrDzxO+Uj0=",
        "owner": "rust-lang",
        "repo": "rust-analyzer",
        "rev": "ce15e73a8ece3cf9e7958bbad3aedb03daa10135",
        "type": "github"
      },
      "original": {
        "owner": "rust-lang",
        "ref": "nightly",
        "repo": "rust-analyzer",
        "type": "github"
      }
    },
    "systems": {
      "locked": {
        "lastModified": 1681028828,
        "narHash": "sha256-Vy1rq5AaRuLzOxct8nz4T6wlgyUR7zLU309k9mBC768=",
        "owner": "nix-systems",
        "repo": "default",
        "rev": "da67096a3b9bf56a91d16901293e51ba5b49a27e",
        "type": "github"
      },
      "original": {
        "owner": "nix-systems",
        "repo": "default",
        "type": "github"
      }
    },
    "utils": {
      "inputs": {
        "systems": "systems"
      },
      "locked": {
        "lastModified": 1709126324,
        "narHash": "sha256-q6EQdSeUZOG26WelxqkmR7kArjgWCdw5sfJVHPH/7j8=",
        "owner": "numtide",
        "repo": "flake-utils",
        "rev": "d465f4819400de7c8d874d50b982301f28a84605",
        "type": "github"
      },
      "original": {
        "owner": "numtide",
        "repo": "flake-utils",
        "type": "github"
      }
    }
  },
  "root": "root",
  "version": 7
}
